
Microsoft Visual Studio Solution File, Format Version 12.00
# Visual Studio Version 17
VisualStudioVersion = 17.3.32929.385
MinimumVisualStudioVersion = 10.0.40219.1
Project("{FAE04EC0-301F-11D3-BF4B-00C04F79EFBC}") = "ZarzadzanieBudynkiem", "ZarzadzanieBudynkiem\ZarzadzanieBudynkiem.csproj", "{BC6F4C8A-4676-4908-AC23-CFF6650662B1}"
EndProject
Global
	GlobalSection(SolutionConfigurationPlatforms) = preSolution
		Debug|Any CPU = Debug|Any CPU
		Release|Any CPU = Release|Any CPU
	EndGlobalSection
	GlobalSection(ProjectConfigurationPlatforms) = postSolution
		{BC6F4C8A-4676-4908-AC23-CFF6650662B1}.Debug|Any CPU.ActiveCfg = Debug|Any CPU
		{BC6F4C8A-4676-4908-AC23-CFF6650662B1}.Debug|Any CPU.Build.0 = Debug|Any CPU
		{BC6F4C8A-4676-4908-AC23-CFF6650662B1}.Release|Any CPU.ActiveCfg = Release|Any CPU
		{BC6F4C8A-4676-4908-AC23-CFF6650662B1}.Release|Any CPU.Build.0 = Release|Any CPU
	EndGlobalSection
	GlobalSection(SolutionProperties) = preSolution
		HideSolutionNode = FALSE
	EndGlobalSection
	GlobalSection(ExtensibilityGlobals) = postSolution
		SolutionGuid = {CEC3DBD4-1496-4C6A-AA7C-F7138DCC72A7}
	EndGlobalSection
EndGlobal
